
Microsoft Visual Studio Solution File, Format Version 12.00
# Visual Studio Version 17
VisualStudioVersion = 17.10.35122.118
MinimumVisualStudioVersion = 10.0.40219.1
Project("{9A19103F-16F7-4668-BE54-9A1E7A4F7556}") = "ProductManager.Service", "ProductManager.Service\ProductManager.Service.csproj", "{2B18AAB9-897A-4EEC-928F-2443FDE1F13F}"
EndProject
Project("{9A19103F-16F7-4668-BE54-9A1E7A4F7556}") = "ProductManager.Test", "ProductManager.Test\ProductManager.Test.csproj", "{8D8874DC-BB96-4884-949C-E57DBD9BD291}"
EndProject
Global
	GlobalSection(SolutionConfigurationPlatforms) = preSolution
		Debug|Any CPU = Debug|Any CPU
		Release|Any CPU = Release|Any CPU
	EndGlobalSection
	GlobalSection(ProjectConfigurationPlatforms) = postSolution
		{2B18AAB9-897A-4EEC-928F-2443FDE1F13F}.Debug|Any CPU.ActiveCfg = Debug|Any CPU
		{2B18AAB9-897A-4EEC-928F-2443FDE1F13F}.Debug|Any CPU.Build.0 = Debug|Any CPU
		{2B18AAB9-897A-4EEC-928F-2443FDE1F13F}.Release|Any CPU.ActiveCfg = Release|Any CPU
		{2B18AAB9-897A-4EEC-928F-2443FDE1F13F}.Release|Any CPU.Build.0 = Release|Any CPU
		{8D8874DC-BB96-4884-949C-E57DBD9BD291}.Debug|Any CPU.ActiveCfg = Debug|Any CPU
		{8D8874DC-BB96-4884-949C-E57DBD9BD291}.Debug|Any CPU.Build.0 = Debug|Any CPU
		{8D8874DC-BB96-4884-949C-E57DBD9BD291}.Release|Any CPU.ActiveCfg = Release|Any CPU
		{8D8874DC-BB96-4884-949C-E57DBD9BD291}.Release|Any CPU.Build.0 = Release|Any CPU
	EndGlobalSection
	GlobalSection(SolutionProperties) = preSolution
		HideSolutionNode = FALSE
	EndGlobalSection
	GlobalSection(ExtensibilityGlobals) = postSolution
		SolutionGuid = {E367912D-0FD6-462A-9237-3612152F1418}
	EndGlobalSection
EndGlobal
